// !$*UTF8*$!
{
	archiveVersion = 1;
	classes = {
	};
	objectVersion = 46;
	objects = {

/* Begin PBXBuildFile section */
		2228BA291B43476900CC4751 /* AppDelegate.swift in Sources */ = {isa = PBXBuildFile; fileRef = 2228BA281B43476900CC4751 /* AppDelegate.swift */; };
		2228BA2B1B43476900CC4751 /* ViewController.swift in Sources */ = {isa = PBXBuildFile; fileRef = 2228BA2A1B43476900CC4751 /* ViewController.swift */; };
		2228BA2E1B43476900CC4751 /* Main.storyboard in Resources */ = {isa = PBXBuildFile; fileRef = 2228BA2C1B43476900CC4751 /* Main.storyboard */; };
		2228BA301B43476900CC4751 /* Images.xcassets in Resources */ = {isa = PBXBuildFile; fileRef = 2228BA2F1B43476900CC4751 /* Images.xcassets */; };
		2228BA331B43476900CC4751 /* LaunchScreen.xib in Resources */ = {isa = PBXBuildFile; fileRef = 2228BA311B43476900CC4751 /* LaunchScreen.xib */; };
		2228BA3F1B43476900CC4751 /* sprinklerTests.swift in Sources */ = {isa = PBXBuildFile; fileRef = 2228BA3E1B43476900CC4751 /* sprinklerTests.swift */; };
/* End PBXBuildFile section */

/* Begin PBXContainerItemProxy section */
		2228BA391B43476900CC4751 /* PBXContainerItemProxy */ = {
			isa = PBXContainerItemProxy;
			containerPortal = 2228BA1B1B43476900CC4751 /* Project object */;
			proxyType = 1;
			remoteGlobalIDString = 2228BA221B43476900CC4751;
			remoteInfo = sprinkler;
		};
/* End PBXContainerItemProxy section */

/* Begin PBXFileReference section */
		2228BA231B43476900CC4751 /* sprinkler.app */ = {isa = PBXFileReference; explicitFileType = wrapper.application; includeInIndex = 0; path = sprinkler.app; sourceTree = BUILT_PRODUCTS_DIR; };
		2228BA271B43476900CC4751 /* Info.plist */ = {isa = PBXFileReference; lastKnownFileType = text.plist.xml; path = Info.plist; sourceTree = "<group>"; };
		2228BA281B43476900CC4751 /* AppDelegate.swift */ = {isa = PBXFileReference; lastKnownFileType = sourcecode.swift; path = AppDelegate.swift; sourceTree = "<group>"; };
		2228BA2A1B43476900CC4751 /* ViewController.swift */ = {isa = PBXFileReference; lastKnownFileType = sourcecode.swift; path = ViewController.swift; sourceTree = "<group>"; };
		2228BA2D1B43476900CC4751 /* Base */ = {isa = PBXFileReference; lastKnownFileType = file.storyboard; name = Base; path = Base.lproj/Main.storyboard; sourceTree = "<group>"; };
		2228BA2F1B43476900CC4751 /* Images.xcassets */ = {isa = PBXFileReference; lastKnownFileType = folder.assetcatalog; path = Images.xcassets; sourceTree = "<group>"; };
		2228BA321B43476900CC4751 /* Base */ = {isa = PBXFileReference; lastKnownFileType = file.xib; name = Base; path = Base.lproj/LaunchScreen.xib; sourceTree = "<group>"; };
		2228BA381B43476900CC4751 /* sprinklerTests.xctest */ = {isa = PBXFileReference; explicitFileType = wrapper.cfbundle; includeInIndex = 0; path = sprinklerTests.xctest; sourceTree = BUILT_PRODUCTS_DIR; };
		2228BA3D1B43476900CC4751 /* Info.plist */ = {isa = PBXFileReference; lastKnownFileType = text.plist.xml; path = Info.plist; sourceTree = "<group>"; };
		2228BA3E1B43476900CC4751 /* sprinklerTests.swift */ = {isa = PBXFileReference; lastKnownFileType = sourcecode.swift; path = sprinklerTests.swift; sourceTree = "<group>"; };
/* End PBXFileReference section */

/* Begin PBXFrameworksBuildPhase section */
		2228BA201B43476900CC4751 /* Frameworks */ = {
			isa = PBXFrameworksBuildPhase;
			buildActionMask = 2147483647;
			files = (
			);
			runOnlyForDeploymentPostprocessing = 0;
		};
		2228BA351B43476900CC4751 /* Frameworks */ = {
			isa = PBXFrameworksBuildPhase;
			buildActionMask = 2147483647;
			files = (
			);
			runOnlyForDeploymentPostprocessing = 0;
		};
/* End PBXFrameworksBuildPhase section */

/* Begin PBXGroup section */
		2228BA1A1B43476900CC4751 = {
			isa = PBXGroup;
			children = (
				2228BA251B43476900CC4751 /* sprinkler */,
				2228BA3B1B43476900CC4751 /* sprinklerTests */,
				2228BA241B43476900CC4751 /* Products */,
			);
			sourceTree = "<group>";
		};
		2228BA241B43476900CC4751 /* Products */ = {
			isa = PBXGroup;
			children = (
				2228BA231B43476900CC4751 /* sprinkler.app */,
				2228BA381B43476900CC4751 /* sprinklerTests.xctest */,
			);
			name = Products;
			sourceTree = "<group>";
		};
		2228BA251B43476900CC4751 /* sprinkler */ = {
			isa = PBXGroup;
			children = (
				2228BA281B43476900CC4751 /* AppDelegate.swift */,
				2228BA2A1B43476900CC4751 /* ViewController.swift */,
				2228BA2C1B43476900CC4751 /* Main.storyboard */,
				2228BA2F1B43476900CC4751 /* Images.xcassets */,
				2228BA311B43476900CC4751 /* LaunchScreen.xib */,
				2228BA261B43476900CC4751 /* Supporting Files */,
			);
			path = sprinkler;
			sourceTree = "<group>";
		};
		2228BA261B43476900CC4751 /* Supporting Files */ = {
			isa = PBXGroup;
			children = (
				2228BA271B43476900CC4751 /* Info.plist */,
			);
			name = "Supporting Files";
			sourceTree = "<group>";
		};
		2228BA3B1B43476900CC4751 /* sprinklerTests */ = {
			isa = PBXGroup;
			children = (
				2228BA3E1B43476900CC4751 /* sprinklerTests.swift */,
				2228BA3C1B43476900CC4751 /* Supporting Files */,
			);
			path = sprinklerTests;
			sourceTree = "<group>";
		};
		2228BA3C1B43476900CC4751 /* Supporting Files */ = {
			isa = PBXGroup;
			children = (
				2228BA3D1B43476900CC4751 /* Info.plist */,
			);
			name = "Supporting Files";
			sourceTree = "<group>";
		};
/* End PBXGroup section */

/* Begin PBXNativeTarget section */
		2228BA221B43476900CC4751 /* sprinkler */ = {
			isa = PBXNativeTarget;
			buildConfigurationList = 2228BA421B43476900CC4751 /* Build configuration list for PBXNativeTarget "sprinkler" */;
			buildPhases = (
				2228BA1F1B43476900CC4751 /* Sources */,
				2228BA201B43476900CC4751 /* Frameworks */,
				2228BA211B43476900CC4751 /* Resources */,
			);
			buildRules = (
			);
			dependencies = (
			);
			name = sprinkler;
			productName = sprinkler;
			productReference = 2228BA231B43476900CC4751 /* sprinkler.app */;
			productType = "com.apple.product-type.application";
		};
		2228BA371B43476900CC4751 /* sprinklerTests */ = {
			isa = PBXNativeTarget;
			buildConfigurationList = 2228BA451B43476900CC4751 /* Build configuration list for PBXNativeTarget "sprinklerTests" */;
			buildPhases = (
				2228BA341B43476900CC4751 /* Sources */,
				2228BA351B43476900CC4751 /* Frameworks */,
				2228BA361B43476900CC4751 /* Resources */,
			);
			buildRules = (
			);
			dependencies = (
				2228BA3A1B43476900CC4751 /* PBXTargetDependency */,
			);
			name = sprinklerTests;
			productName = sprinklerTests;
			productReference = 2228BA381B43476900CC4751 /* sprinklerTests.xctest */;
			productType = "com.apple.product-type.bundle.unit-test";
		};
/* End PBXNativeTarget section */

/* Begin PBXProject section */
		2228BA1B1B43476900CC4751 /* Project object */ = {
			isa = PBXProject;
			attributes = {
				LastUpgradeCheck = 0630;
				ORGANIZATIONNAME = "Corey Szopinski";
				TargetAttributes = {
					2228BA221B43476900CC4751 = {
						CreatedOnToolsVersion = 6.3.2;
					};
					2228BA371B43476900CC4751 = {
						CreatedOnToolsVersion = 6.3.2;
						TestTargetID = 2228BA221B43476900CC4751;
					};
				};
			};
			buildConfigurationList = 2228BA1E1B43476900CC4751 /* Build configuration list for PBXProject "sprinkler" */;
			compatibilityVersion = "Xcode 3.2";
			developmentRegion = English;
			hasScannedForEncodings = 0;
			knownRegions = (
				en,
				Base,
			);
			mainGroup = 2228BA1A1B43476900CC4751;
			productRefGroup = 2228BA241B43476900CC4751 /* Products */;
			projectDirPath = "";
			projectRoot = "";
			targets = (
				2228BA221B43476900CC4751 /* sprinkler */,
				2228BA371B43476900CC4751 /* sprinklerTests */,
			);
		};
/* End PBXProject section */

/* Begin PBXResourcesBuildPhase section */
		2228BA211B43476900CC4751 /* Resources */ = {
			isa = PBXResourcesBuildPhase;
			buildActionMask = 2147483647;
			files = (
				2228BA2E1B43476900CC4751 /* Main.storyboard in Resources */,
				2228BA331B43476900CC4751 /* LaunchScreen.xib in Resources */,
				2228BA301B43476900CC4751 /* Images.xcassets in Resources */,
			);
			runOnlyForDeploymentPostprocessing = 0;
		};
		2228BA361B43476900CC4751 /* Resources */ = {
			isa = PBXResourcesBuildPhase;
			buildActionMask = 2147483647;
			files = (
			);
			runOnlyForDeploymentPostprocessing = 0;
		};
/* End PBXResourcesBuildPhase section */

/* Begin PBXSourcesBuildPhase section */
		2228BA1F1B43476900CC4751 /* Sources */ = {
			isa = PBXSourcesBuildPhase;
			buildActionMask = 2147483647;
			files = (
				2228BA2B1B43476900CC4751 /* ViewController.swift in Sources */,
				2228BA291B43476900CC4751 /* AppDelegate.swift in Sources */,
			);
			runOnlyForDeploymentPostprocessing = 0;
		};
		2228BA341B43476900CC4751 /* Sources */ = {
			isa = PBXSourcesBuildPhase;
			buildActionMask = 2147483647;
			files = (
				2228BA3F1B43476900CC4751 /* sprinklerTests.swift in Sources */,
			);
			runOnlyForDeploymentPostprocessing = 0;
		};
/* End PBXSourcesBuildPhase section */

/* Begin PBXTargetDependency section */
		2228BA3A1B43476900CC4751 /* PBXTargetDependency */ = {
			isa = PBXTargetDependency;
			target = 2228BA221B43476900CC4751 /* sprinkler */;
			targetProxy = 2228BA391B43476900CC4751 /* PBXContainerItemProxy */;
		};
/* End PBXTargetDependency section */

/* Begin PBXVariantGroup section */
		2228BA2C1B43476900CC4751 /* Main.storyboard */ = {
			isa = PBXVariantGroup;
			children = (
				2228BA2D1B43476900CC4751 /* Base */,
			);
			name = Main.storyboard;
			sourceTree = "<group>";
		};
		2228BA311B43476900CC4751 /* LaunchScreen.xib */ = {
			isa = PBXVariantGroup;
			children = (
				2228BA321B43476900CC4751 /* Base */,
			);
			name = LaunchScreen.xib;
			sourceTree = "<group>";
		};
/* End PBXVariantGroup section */

/* Begin XCBuildConfiguration section */
		2228BA401B43476900CC4751 /* Debug */ = {
			isa = XCBuildConfiguration;
			buildSettings = {
				ALWAYS_SEARCH_USER_PATHS = NO;
				CLANG_CXX_LANGUAGE_STANDARD = "gnu++0x";
				CLANG_CXX_LIBRARY = "libc++";
				CLANG_ENABLE_MODULES = YES;
				CLANG_ENABLE_OBJC_ARC = YES;
				CLANG_WARN_BOOL_CONVERSION = YES;
				CLANG_WARN_CONSTANT_CONVERSION = YES;
				CLANG_WARN_DIRECT_OBJC_ISA_USAGE = YES_ERROR;
				CLANG_WARN_EMPTY_BODY = YES;
				CLANG_WARN_ENUM_CONVERSION = YES;
				CLANG_WARN_INT_CONVERSION = YES;
				CLANG_WARN_OBJC_ROOT_CLASS = YES_ERROR;
				CLANG_WARN_UNREACHABLE_CODE = YES;
				CLANG_WARN__DUPLICATE_METHOD_MATCH = YES;
				"CODE_SIGN_IDENTITY[sdk=iphoneos*]" = "iPhone Developer";
				COPY_PHASE_STRIP = NO;
				DEBUG_INFORMATION_FORMAT = "dwarf-with-dsym";
				ENABLE_STRICT_OBJC_MSGSEND = YES;
				GCC_C_LANGUAGE_STANDARD = gnu99;
				GCC_DYNAMIC_NO_PIC = NO;
				GCC_NO_COMMON_BLOCKS = YES;
				GCC_OPTIMIZATION_LEVEL = 0;
				GCC_PREPROCESSOR_DEFINITIONS = (
					"DEBUG=1",
					"$(inherited)",
				);
				GCC_SYMBOLS_PRIVATE_EXTERN = NO;
				GCC_WARN_64_TO_32_BIT_CONVERSION = YES;
				GCC_WARN_ABOUT_RETURN_TYPE = YES_ERROR;
				GCC_WARN_UNDECLARED_SELECTOR = YES;
				GCC_WARN_UNINITIALIZED_AUTOS = YES_AGGRESSIVE;
				GCC_WARN_UNUSED_FUNCTION = YES;
				GCC_WARN_UNUSED_VARIABLE = YES;
				IPHONEOS_DEPLOYMENT_TARGET = 8.3;
				MTL_ENABLE_DEBUG_INFO = YES;
				ONLY_ACTIVE_ARCH = YES;
				SDKROOT = iphoneos;
				SWIFT_OPTIMIZATION_LEVEL = "-Onone";
			};
			name = Debug;
		};
		2228BA411B43476900CC4751 /* Release */ = {
			isa = XCBuildConfiguration;
			buildSettings = {
				ALWAYS_SEARCH_USER_PATHS = NO;
				CLANG_CXX_LANGUAGE_STANDARD = "gnu++0x";
				CLANG_CXX_LIBRARY = "libc++";
				CLANG_ENABLE_MODULES = YES;
				CLANG_ENABLE_OBJC_ARC = YES;
				CLANG_WARN_BOOL_CONVERSION = YES;
				CLANG_WARN_CONSTANT_CONVERSION = YES;
				CLANG_WARN_DIRECT_OBJC_ISA_USAGE = YES_ERROR;
				CLANG_WARN_EMPTY_BODY = YES;
				CLANG_WARN_ENUM_CONVERSION = YES;
				CLANG_WARN_INT_CONVERSION = YES;
				CLANG_WARN_OBJC_ROOT_CLASS = YES_ERROR;
				CLANG_WARN_UNREACHABLE_CODE = YES;
				CLANG_WARN__DUPLICATE_METHOD_MATCH = YES;
				"CODE_SIGN_IDENTITY[sdk=iphoneos*]" = "iPhone Developer";
				COPY_PHASE_STRIP = NO;
				DEBUG_INFORMATION_FORMAT = "dwarf-with-dsym";
				ENABLE_NS_ASSERTIONS = NO;
				ENABLE_STRICT_OBJC_MSGSEND = YES;
				GCC_C_LANGUAGE_STANDARD = gnu99;
				GCC_NO_COMMON_BLOCKS = YES;
				GCC_WARN_64_TO_32_BIT_CONVERSION = YES;
				GCC_WARN_ABOUT_RETURN_TYPE = YES_ERROR;
				GCC_WARN_UNDECLARED_SELECTOR = YES;
				GCC_WARN_UNINITIALIZED_AUTOS = YES_AGGRESSIVE;
				GCC_WARN_UNUSED_FUNCTION = YES;
				GCC_WARN_UNUSED_VARIABLE = YES;
				IPHONEOS_DEPLOYMENT_TARGET = 8.3;
				MTL_ENABLE_DEBUG_INFO = NO;
				SDKROOT = iphoneos;
				VALIDATE_PRODUCT = YES;
			};
			name = Release;
		};
		2228BA431B43476900CC4751 /* Debug */ = {
			isa = XCBuildConfiguration;
			buildSettings = {
				ASSETCATALOG_COMPILER_APPICON_NAME = AppIcon;
				INFOPLIST_FILE = sprinkler/Info.plist;
				LD_RUNPATH_SEARCH_PATHS = "$(inherited) @executable_path/Frameworks";
				PRODUCT_NAME = "$(TARGET_NAME)";
			};
			name = Debug;
		};
		2228BA441B43476900CC4751 /* Release */ = {
			isa = XCBuildConfiguration;
			buildSettings = {
				ASSETCATALOG_COMPILER_APPICON_NAME = AppIcon;
				INFOPLIST_FILE = sprinkler/Info.plist;
				LD_RUNPATH_SEARCH_PATHS = "$(inherited) @executable_path/Frameworks";
				PRODUCT_NAME = "$(TARGET_NAME)";
			};
			name = Release;
		};
		2228BA461B43476900CC4751 /* Debug */ = {
			isa = XCBuildConfiguration;
			buildSettings = {
				BUNDLE_LOADER = "$(TEST_HOST)";
				FRAMEWORK_SEARCH_PATHS = (
					"$(SDKROOT)/Developer/Library/Frameworks",
					"$(inherited)",
				);
				GCC_PREPROCESSOR_DEFINITIONS = (
					"DEBUG=1",
					"$(inherited)",
				);
				INFOPLIST_FILE = sprinklerTests/Info.plist;
				LD_RUNPATH_SEARCH_PATHS = "$(inherited) @executable_path/Frameworks @loader_path/Frameworks";
				PRODUCT_NAME = "$(TARGET_NAME)";
				TEST_HOST = "$(BUILT_PRODUCTS_DIR)/sprinkler.app/sprinkler";
			};
			name = Debug;
		};
		2228BA471B43476900CC4751 /* Release */ = {
			isa = XCBuildConfiguration;
			buildSettings = {
				BUNDLE_LOADER = "$(TEST_HOST)";
				FRAMEWORK_SEARCH_PATHS = (
					"$(SDKROOT)/Developer/Library/Frameworks",
					"$(inherited)",
				);
				INFOPLIST_FILE = sprinklerTests/Info.plist;
				LD_RUNPATH_SEARCH_PATHS = "$(inherited) @executable_path/Frameworks @loader_path/Frameworks";
				PRODUCT_NAME = "$(TARGET_NAME)";
				TEST_HOST = "$(BUILT_PRODUCTS_DIR)/sprinkler.app/sprinkler";
			};
			name = Release;
		};
/* End XCBuildConfiguration section */

/* Begin XCConfigurationList section */
		2228BA1E1B43476900CC4751 /* Build configuration list for PBXProject "sprinkler" */ = {
			isa = XCConfigurationList;
			buildConfigurations = (
				2228BA401B43476900CC4751 /* Debug */,
				2228BA411B43476900CC4751 /* Release */,
			);
			defaultConfigurationIsVisible = 0;
			defaultConfigurationName = Release;
		};
		2228BA421B43476900CC4751 /* Build configuration list for PBXNativeTarget "sprinkler" */ = {
			isa = XCConfigurationList;
			buildConfigurations = (
				2228BA431B43476900CC4751 /* Debug */,
				2228BA441B43476900CC4751 /* Release */,
			);
			defaultConfigurationIsVisible = 0;
		};
		2228BA451B43476900CC4751 /* Build configuration list for PBXNativeTarget "sprinklerTests" */ = {
			isa = XCConfigurationList;
			buildConfigurations = (
				2228BA461B43476900CC4751 /* Debug */,
				2228BA471B43476900CC4751 /* Release */,
			);
			defaultConfigurationIsVisible = 0;
		};
/* End XCConfigurationList section */
	};
	rootObject = 2228BA1B1B43476900CC4751 /* Project object */;
}
